
Microsoft Visual Studio Solution File, Format Version 12.00
# Visual Studio 15
VisualStudioVersion = 15.0.28307.136
MinimumVisualStudioVersion = 10.0.40219.1
Project("{FAE04EC0-301F-11D3-BF4B-00C04F79EFBC}") = "calcul", "calcul\calcul.csproj", "{700A7642-29BD-43FD-BF29-9E95B1800C22}"
EndProject
Project("{2150E333-8FDC-42A3-9474-1A3956D46DE8}") = "Solution Items", "Solution Items", "{A0215E42-4CFC-413B-80EE-2A2B4E91ED83}"
EndProject
Global
	GlobalSection(SolutionConfigurationPlatforms) = preSolution
		Debug|Any CPU = Debug|Any CPU
		Release|Any CPU = Release|Any CPU
	EndGlobalSection
	GlobalSection(ProjectConfigurationPlatforms) = postSolution
		{700A7642-29BD-43FD-BF29-9E95B1800C22}.Debug|Any CPU.ActiveCfg = Debug|Any CPU
		{700A7642-29BD-43FD-BF29-9E95B1800C22}.Debug|Any CPU.Build.0 = Debug|Any CPU
		{700A7642-29BD-43FD-BF29-9E95B1800C22}.Release|Any CPU.ActiveCfg = Release|Any CPU
		{700A7642-29BD-43FD-BF29-9E95B1800C22}.Release|Any CPU.Build.0 = Release|Any CPU
	EndGlobalSection
	GlobalSection(SolutionProperties) = preSolution
		HideSolutionNode = FALSE
	EndGlobalSection
	GlobalSection(ExtensibilityGlobals) = postSolution
		SolutionGuid = {6835CB0F-7CCD-4B65-A193-6FC2EB2E8F9C}
	EndGlobalSection
EndGlobal
